
Microsoft Visual Studio Solution File, Format Version 12.00
# Visual Studio Version 17
VisualStudioVersion = 17.8.34330.188
MinimumVisualStudioVersion = 10.0.40219.1
Project("{2150E333-8FDC-42A3-9474-1A3956D46DE8}") = "src", "src", "{44EA86F6-4D10-429E-9288-6073817B89D9}"
EndProject
Project("{2150E333-8FDC-42A3-9474-1A3956D46DE8}") = "tests", "tests", "{423C7EEC-00D4-49CD-AC82-7100298D199E}"
EndProject
Project("{9A19103F-16F7-4668-BE54-9A1E7A4F7556}") = "Bonder.Tests", "tests\Bonder.Tests\Bonder.Tests.csproj", "{07E52617-2ADF-46C8-9065-D84977705BC6}"
EndProject
Project("{9A19103F-16F7-4668-BE54-9A1E7A4F7556}") = "Application", "src\Bonder.Calculations\Application\Application.csproj", "{D4864F86-4B66-42C4-8395-0965D3B29254}"
EndProject
Project("{9A19103F-16F7-4668-BE54-9A1E7A4F7556}") = "Domain", "src\Bonder.Calculations\Domain\Domain.csproj", "{37AFEFEA-43AE-4349-9F5C-1386AC46CA23}"
EndProject
Project("{9A19103F-16F7-4668-BE54-9A1E7A4F7556}") = "Infrastructure", "src\Bonder.Calculations\Infrastructure\Infrastructure.csproj", "{92A020AB-6D32-4749-924E-3C9A18EC9C39}"
EndProject
Project("{9A19103F-16F7-4668-BE54-9A1E7A4F7556}") = "Presentation", "src\Bonder.Calculations\Presentation\Presentation.csproj", "{D9F38902-824A-430B-8E68-EB336C233B25}"
EndProject
Project("{9A19103F-16F7-4668-BE54-9A1E7A4F7556}") = "Web", "src\Bonder.Calculations\Web\Web.csproj", "{41621983-AFB7-4469-92B7-350D12010CEB}"
EndProject
Project("{2150E333-8FDC-42A3-9474-1A3956D46DE8}") = "Bonder.Calculations", "Bonder.Calculations", "{9E5B82B3-2359-4A66-B448-51DBD2F061E0}"
EndProject
Global
	GlobalSection(SolutionConfigurationPlatforms) = preSolution
		Debug|Any CPU = Debug|Any CPU
		Release|Any CPU = Release|Any CPU
	EndGlobalSection
	GlobalSection(ProjectConfigurationPlatforms) = postSolution
		{07E52617-2ADF-46C8-9065-D84977705BC6}.Debug|Any CPU.ActiveCfg = Debug|Any CPU
		{07E52617-2ADF-46C8-9065-D84977705BC6}.Debug|Any CPU.Build.0 = Debug|Any CPU
		{07E52617-2ADF-46C8-9065-D84977705BC6}.Release|Any CPU.ActiveCfg = Release|Any CPU
		{07E52617-2ADF-46C8-9065-D84977705BC6}.Release|Any CPU.Build.0 = Release|Any CPU
		{D4864F86-4B66-42C4-8395-0965D3B29254}.Debug|Any CPU.ActiveCfg = Debug|Any CPU
		{D4864F86-4B66-42C4-8395-0965D3B29254}.Debug|Any CPU.Build.0 = Debug|Any CPU
		{D4864F86-4B66-42C4-8395-0965D3B29254}.Release|Any CPU.ActiveCfg = Release|Any CPU
		{D4864F86-4B66-42C4-8395-0965D3B29254}.Release|Any CPU.Build.0 = Release|Any CPU
		{37AFEFEA-43AE-4349-9F5C-1386AC46CA23}.Debug|Any CPU.ActiveCfg = Debug|Any CPU
		{37AFEFEA-43AE-4349-9F5C-1386AC46CA23}.Debug|Any CPU.Build.0 = Debug|Any CPU
		{37AFEFEA-43AE-4349-9F5C-1386AC46CA23}.Release|Any CPU.ActiveCfg = Release|Any CPU
		{37AFEFEA-43AE-4349-9F5C-1386AC46CA23}.Release|Any CPU.Build.0 = Release|Any CPU
		{92A020AB-6D32-4749-924E-3C9A18EC9C39}.Debug|Any CPU.ActiveCfg = Debug|Any CPU
		{92A020AB-6D32-4749-924E-3C9A18EC9C39}.Debug|Any CPU.Build.0 = Debug|Any CPU
		{92A020AB-6D32-4749-924E-3C9A18EC9C39}.Release|Any CPU.ActiveCfg = Release|Any CPU
		{92A020AB-6D32-4749-924E-3C9A18EC9C39}.Release|Any CPU.Build.0 = Release|Any CPU
		{D9F38902-824A-430B-8E68-EB336C233B25}.Debug|Any CPU.ActiveCfg = Debug|Any CPU
		{D9F38902-824A-430B-8E68-EB336C233B25}.Debug|Any CPU.Build.0 = Debug|Any CPU
		{D9F38902-824A-430B-8E68-EB336C233B25}.Release|Any CPU.ActiveCfg = Release|Any CPU
		{D9F38902-824A-430B-8E68-EB336C233B25}.Release|Any CPU.Build.0 = Release|Any CPU
		{41621983-AFB7-4469-92B7-350D12010CEB}.Debug|Any CPU.ActiveCfg = Debug|Any CPU
		{41621983-AFB7-4469-92B7-350D12010CEB}.Debug|Any CPU.Build.0 = Debug|Any CPU
		{41621983-AFB7-4469-92B7-350D12010CEB}.Release|Any CPU.ActiveCfg = Release|Any CPU
		{41621983-AFB7-4469-92B7-350D12010CEB}.Release|Any CPU.Build.0 = Release|Any CPU
	EndGlobalSection
	GlobalSection(SolutionProperties) = preSolution
		HideSolutionNode = FALSE
	EndGlobalSection
	GlobalSection(NestedProjects) = preSolution
		{07E52617-2ADF-46C8-9065-D84977705BC6} = {423C7EEC-00D4-49CD-AC82-7100298D199E}
		{D4864F86-4B66-42C4-8395-0965D3B29254} = {9E5B82B3-2359-4A66-B448-51DBD2F061E0}
		{37AFEFEA-43AE-4349-9F5C-1386AC46CA23} = {9E5B82B3-2359-4A66-B448-51DBD2F061E0}
		{92A020AB-6D32-4749-924E-3C9A18EC9C39} = {9E5B82B3-2359-4A66-B448-51DBD2F061E0}
		{D9F38902-824A-430B-8E68-EB336C233B25} = {9E5B82B3-2359-4A66-B448-51DBD2F061E0}
		{41621983-AFB7-4469-92B7-350D12010CEB} = {9E5B82B3-2359-4A66-B448-51DBD2F061E0}
		{9E5B82B3-2359-4A66-B448-51DBD2F061E0} = {44EA86F6-4D10-429E-9288-6073817B89D9}
	EndGlobalSection
	GlobalSection(ExtensibilityGlobals) = postSolution
		SolutionGuid = {BDF9679E-5CC3-40C5-BDF7-AB6E41A1DEA9}
	EndGlobalSection
EndGlobal
