
Microsoft Visual Studio Solution File, Format Version 12.00
# Visual Studio Version 17
VisualStudioVersion = 17.8.34330.188
MinimumVisualStudioVersion = 10.0.40219.1
Project("{9A19103F-16F7-4668-BE54-9A1E7A4F7556}") = "Application", "src\Application\Application.csproj", "{41CEEA90-418C-49CD-BAFF-40873D505AD1}"
EndProject
Project("{9A19103F-16F7-4668-BE54-9A1E7A4F7556}") = "Domain", "src\Domain\Domain.csproj", "{620182FE-F856-4F2C-AEB8-9E6F800D6656}"
EndProject
Project("{9A19103F-16F7-4668-BE54-9A1E7A4F7556}") = "Infrastructure", "src\Infrastructure\Infrastructure.csproj", "{7A740C7E-8551-4DAB-B50C-9617F1682DE0}"
EndProject
Project("{9A19103F-16F7-4668-BE54-9A1E7A4F7556}") = "Presentation", "src\Presentation\Presentation.csproj", "{13AF8910-0638-43FB-9282-A008026C83E7}"
EndProject
Project("{9A19103F-16F7-4668-BE54-9A1E7A4F7556}") = "Web", "src\Web\Web.csproj", "{40E50DF6-AC11-4944-9A06-E34549E71DB4}"
EndProject
Project("{2150E333-8FDC-42A3-9474-1A3956D46DE8}") = "src", "src", "{44EA86F6-4D10-429E-9288-6073817B89D9}"
EndProject
Project("{2150E333-8FDC-42A3-9474-1A3956D46DE8}") = "tests", "tests", "{423C7EEC-00D4-49CD-AC82-7100298D199E}"
EndProject
Project("{FAE04EC0-301F-11D3-BF4B-00C04F79EFBC}") = "Bonder.Tests", "tests\Bonder.Tests\Bonder.Tests.csproj", "{07E52617-2ADF-46C8-9065-D84977705BC6}"
EndProject
Global
	GlobalSection(SolutionConfigurationPlatforms) = preSolution
		Debug|Any CPU = Debug|Any CPU
		Release|Any CPU = Release|Any CPU
	EndGlobalSection
	GlobalSection(ProjectConfigurationPlatforms) = postSolution
		{41CEEA90-418C-49CD-BAFF-40873D505AD1}.Debug|Any CPU.ActiveCfg = Debug|Any CPU
		{41CEEA90-418C-49CD-BAFF-40873D505AD1}.Debug|Any CPU.Build.0 = Debug|Any CPU
		{41CEEA90-418C-49CD-BAFF-40873D505AD1}.Release|Any CPU.ActiveCfg = Release|Any CPU
		{41CEEA90-418C-49CD-BAFF-40873D505AD1}.Release|Any CPU.Build.0 = Release|Any CPU
		{620182FE-F856-4F2C-AEB8-9E6F800D6656}.Debug|Any CPU.ActiveCfg = Debug|Any CPU
		{620182FE-F856-4F2C-AEB8-9E6F800D6656}.Debug|Any CPU.Build.0 = Debug|Any CPU
		{620182FE-F856-4F2C-AEB8-9E6F800D6656}.Release|Any CPU.ActiveCfg = Release|Any CPU
		{620182FE-F856-4F2C-AEB8-9E6F800D6656}.Release|Any CPU.Build.0 = Release|Any CPU
		{7A740C7E-8551-4DAB-B50C-9617F1682DE0}.Debug|Any CPU.ActiveCfg = Debug|Any CPU
		{7A740C7E-8551-4DAB-B50C-9617F1682DE0}.Debug|Any CPU.Build.0 = Debug|Any CPU
		{7A740C7E-8551-4DAB-B50C-9617F1682DE0}.Release|Any CPU.ActiveCfg = Release|Any CPU
		{7A740C7E-8551-4DAB-B50C-9617F1682DE0}.Release|Any CPU.Build.0 = Release|Any CPU
		{13AF8910-0638-43FB-9282-A008026C83E7}.Debug|Any CPU.ActiveCfg = Debug|Any CPU
		{13AF8910-0638-43FB-9282-A008026C83E7}.Debug|Any CPU.Build.0 = Debug|Any CPU
		{13AF8910-0638-43FB-9282-A008026C83E7}.Release|Any CPU.ActiveCfg = Release|Any CPU
		{13AF8910-0638-43FB-9282-A008026C83E7}.Release|Any CPU.Build.0 = Release|Any CPU
		{40E50DF6-AC11-4944-9A06-E34549E71DB4}.Debug|Any CPU.ActiveCfg = Debug|Any CPU
		{40E50DF6-AC11-4944-9A06-E34549E71DB4}.Debug|Any CPU.Build.0 = Debug|Any CPU
		{40E50DF6-AC11-4944-9A06-E34549E71DB4}.Release|Any CPU.ActiveCfg = Release|Any CPU
		{40E50DF6-AC11-4944-9A06-E34549E71DB4}.Release|Any CPU.Build.0 = Release|Any CPU
		{07E52617-2ADF-46C8-9065-D84977705BC6}.Debug|Any CPU.ActiveCfg = Debug|Any CPU
		{07E52617-2ADF-46C8-9065-D84977705BC6}.Debug|Any CPU.Build.0 = Debug|Any CPU
		{07E52617-2ADF-46C8-9065-D84977705BC6}.Release|Any CPU.ActiveCfg = Release|Any CPU
		{07E52617-2ADF-46C8-9065-D84977705BC6}.Release|Any CPU.Build.0 = Release|Any CPU
	EndGlobalSection
	GlobalSection(SolutionProperties) = preSolution
		HideSolutionNode = FALSE
	EndGlobalSection
	GlobalSection(NestedProjects) = preSolution
		{41CEEA90-418C-49CD-BAFF-40873D505AD1} = {44EA86F6-4D10-429E-9288-6073817B89D9}
		{620182FE-F856-4F2C-AEB8-9E6F800D6656} = {44EA86F6-4D10-429E-9288-6073817B89D9}
		{7A740C7E-8551-4DAB-B50C-9617F1682DE0} = {44EA86F6-4D10-429E-9288-6073817B89D9}
		{13AF8910-0638-43FB-9282-A008026C83E7} = {44EA86F6-4D10-429E-9288-6073817B89D9}
		{40E50DF6-AC11-4944-9A06-E34549E71DB4} = {44EA86F6-4D10-429E-9288-6073817B89D9}
		{07E52617-2ADF-46C8-9065-D84977705BC6} = {423C7EEC-00D4-49CD-AC82-7100298D199E}
	EndGlobalSection
	GlobalSection(ExtensibilityGlobals) = postSolution
		SolutionGuid = {BDF9679E-5CC3-40C5-BDF7-AB6E41A1DEA9}
	EndGlobalSection
EndGlobal
