
Microsoft Visual Studio Solution File, Format Version 12.00
# Visual Studio Version 17
VisualStudioVersion = 17.8.34330.188
MinimumVisualStudioVersion = 10.0.40219.1
Project("{2150E333-8FDC-42A3-9474-1A3956D46DE8}") = "src", "src", "{44EA86F6-4D10-429E-9288-6073817B89D9}"
EndProject
Project("{2150E333-8FDC-42A3-9474-1A3956D46DE8}") = "tests", "tests", "{423C7EEC-00D4-49CD-AC82-7100298D199E}"
EndProject
Project("{9A19103F-16F7-4668-BE54-9A1E7A4F7556}") = "Bonder.Tests", "tests\Bonder.Tests\Bonder.Tests.csproj", "{07E52617-2ADF-46C8-9065-D84977705BC6}"
EndProject
Project("{9A19103F-16F7-4668-BE54-9A1E7A4F7556}") = "Application", "src\Bonder.Calculations\Application\Application.csproj", "{D4864F86-4B66-42C4-8395-0965D3B29254}"
EndProject
Project("{9A19103F-16F7-4668-BE54-9A1E7A4F7556}") = "Domain", "src\Bonder.Calculations\Domain\Domain.csproj", "{37AFEFEA-43AE-4349-9F5C-1386AC46CA23}"
EndProject
Project("{9A19103F-16F7-4668-BE54-9A1E7A4F7556}") = "Infrastructure", "src\Bonder.Calculations\Infrastructure\Infrastructure.csproj", "{92A020AB-6D32-4749-924E-3C9A18EC9C39}"
EndProject
Project("{9A19103F-16F7-4668-BE54-9A1E7A4F7556}") = "Presentation", "src\Bonder.Calculations\Presentation\Presentation.csproj", "{D9F38902-824A-430B-8E68-EB336C233B25}"
EndProject
Project("{9A19103F-16F7-4668-BE54-9A1E7A4F7556}") = "Web", "src\Bonder.Calculations\Web\Web.csproj", "{41621983-AFB7-4469-92B7-350D12010CEB}"
EndProject
Project("{2150E333-8FDC-42A3-9474-1A3956D46DE8}") = "Bonder.Calculations", "Bonder.Calculations", "{9E5B82B3-2359-4A66-B448-51DBD2F061E0}"
EndProject
Project("{2150E333-8FDC-42A3-9474-1A3956D46DE8}") = "Bonder.Auth", "Bonder.Auth", "{41404A42-396A-4708-A177-3A05D12FBDC2}"
EndProject
Project("{9A19103F-16F7-4668-BE54-9A1E7A4F7556}") = "Application", "src\Bonder.Auth\Application\Application.csproj", "{F6B68081-3906-464D-B716-D7F419759A45}"
EndProject
Project("{9A19103F-16F7-4668-BE54-9A1E7A4F7556}") = "Domain", "src\Bonder.Auth\Domain\Domain.csproj", "{7468A9A6-B703-421E-986B-681CDB08FDA5}"
EndProject
Project("{9A19103F-16F7-4668-BE54-9A1E7A4F7556}") = "Infrastructure", "src\Bonder.Auth\Infrastructure\Infrastructure.csproj", "{9C555B30-2A45-4E52-8901-B6B19F4D8216}"
EndProject
Project("{9A19103F-16F7-4668-BE54-9A1E7A4F7556}") = "Presentation", "src\Bonder.Auth\Presentation\Presentation.csproj", "{F1C1FC62-7939-4823-BFBD-A88E15D67F0B}"
EndProject
Project("{9A19103F-16F7-4668-BE54-9A1E7A4F7556}") = "Web", "src\Bonder.Auth\Web\Web.csproj", "{09A699A9-A77B-4343-8DC5-AA1A65BFCC5C}"
EndProject
Project("{2150E333-8FDC-42A3-9474-1A3956D46DE8}") = "Bonder.Portfolio", "Bonder.Portfolio", "{4A7CC1D8-194B-41EC-904C-FE1A53708A0D}"
EndProject
Project("{9A19103F-16F7-4668-BE54-9A1E7A4F7556}") = "Web", "src\Bonder.Portfolio\Web\Web.csproj", "{BF80C82D-E7F1-4D29-9CA9-864D9E6DE453}"
EndProject
Project("{9A19103F-16F7-4668-BE54-9A1E7A4F7556}") = "Application", "src\Bonder.Portfolio\Application\Application.csproj", "{6DA24645-5AE1-49CF-8BB7-DE45F254E72A}"
EndProject
Project("{9A19103F-16F7-4668-BE54-9A1E7A4F7556}") = "Domain", "src\Bonder.Portfolio\Domain\Domain.csproj", "{62CAD28B-0098-4906-B346-D47455426665}"
EndProject
Project("{9A19103F-16F7-4668-BE54-9A1E7A4F7556}") = "Infrastructure", "src\Bonder.Portfolio\Infrastructure\Infrastructure.csproj", "{BA6C17A2-1F8D-432A-97FE-CBDF133A66D6}"
EndProject
Project("{9A19103F-16F7-4668-BE54-9A1E7A4F7556}") = "Presentation", "src\Bonder.Portfolio\Presentation\Presentation.csproj", "{DECD1F69-C253-4CBF-BDB4-179543F6D82D}"
EndProject
Project("{2150E333-8FDC-42A3-9474-1A3956D46DE8}") = "Bonder.Shared", "Bonder.Shared", "{22E6AC2F-5FB5-481C-B910-A510A5A1EE94}"
EndProject
Project("{9A19103F-16F7-4668-BE54-9A1E7A4F7556}") = "Shared.Proto", "src\Bonder.Shared\Shared.Proto\Shared.Proto.csproj", "{A56E338F-363B-43C2-8E7F-5F061868D6AC}"
EndProject
Project("{9A19103F-16F7-4668-BE54-9A1E7A4F7556}") = "Shared.Domain", "src\Bonder.Shared\Shared.Domain\Shared.Domain.csproj", "{7EE04D16-5C1A-4420-B35A-49B52C4F0BE3}"
EndProject
Project("{E53339B2-1760-4266-BCC7-CA923CBCF16C}") = "docker-compose", "docker-compose.dcproj", "{A8378049-18A5-49DC-B958-DA1A6695E689}"
EndProject
Global
	GlobalSection(SolutionConfigurationPlatforms) = preSolution
		Debug|Any CPU = Debug|Any CPU
		Release|Any CPU = Release|Any CPU
	EndGlobalSection
	GlobalSection(ProjectConfigurationPlatforms) = postSolution
		{07E52617-2ADF-46C8-9065-D84977705BC6}.Debug|Any CPU.ActiveCfg = Debug|Any CPU
		{07E52617-2ADF-46C8-9065-D84977705BC6}.Debug|Any CPU.Build.0 = Debug|Any CPU
		{07E52617-2ADF-46C8-9065-D84977705BC6}.Release|Any CPU.ActiveCfg = Release|Any CPU
		{07E52617-2ADF-46C8-9065-D84977705BC6}.Release|Any CPU.Build.0 = Release|Any CPU
		{D4864F86-4B66-42C4-8395-0965D3B29254}.Debug|Any CPU.ActiveCfg = Debug|Any CPU
		{D4864F86-4B66-42C4-8395-0965D3B29254}.Debug|Any CPU.Build.0 = Debug|Any CPU
		{D4864F86-4B66-42C4-8395-0965D3B29254}.Release|Any CPU.ActiveCfg = Release|Any CPU
		{D4864F86-4B66-42C4-8395-0965D3B29254}.Release|Any CPU.Build.0 = Release|Any CPU
		{37AFEFEA-43AE-4349-9F5C-1386AC46CA23}.Debug|Any CPU.ActiveCfg = Debug|Any CPU
		{37AFEFEA-43AE-4349-9F5C-1386AC46CA23}.Debug|Any CPU.Build.0 = Debug|Any CPU
		{37AFEFEA-43AE-4349-9F5C-1386AC46CA23}.Release|Any CPU.ActiveCfg = Release|Any CPU
		{37AFEFEA-43AE-4349-9F5C-1386AC46CA23}.Release|Any CPU.Build.0 = Release|Any CPU
		{92A020AB-6D32-4749-924E-3C9A18EC9C39}.Debug|Any CPU.ActiveCfg = Debug|Any CPU
		{92A020AB-6D32-4749-924E-3C9A18EC9C39}.Debug|Any CPU.Build.0 = Debug|Any CPU
		{92A020AB-6D32-4749-924E-3C9A18EC9C39}.Release|Any CPU.ActiveCfg = Release|Any CPU
		{92A020AB-6D32-4749-924E-3C9A18EC9C39}.Release|Any CPU.Build.0 = Release|Any CPU
		{D9F38902-824A-430B-8E68-EB336C233B25}.Debug|Any CPU.ActiveCfg = Debug|Any CPU
		{D9F38902-824A-430B-8E68-EB336C233B25}.Debug|Any CPU.Build.0 = Debug|Any CPU
		{D9F38902-824A-430B-8E68-EB336C233B25}.Release|Any CPU.ActiveCfg = Release|Any CPU
		{D9F38902-824A-430B-8E68-EB336C233B25}.Release|Any CPU.Build.0 = Release|Any CPU
		{41621983-AFB7-4469-92B7-350D12010CEB}.Debug|Any CPU.ActiveCfg = Debug|Any CPU
		{41621983-AFB7-4469-92B7-350D12010CEB}.Debug|Any CPU.Build.0 = Debug|Any CPU
		{41621983-AFB7-4469-92B7-350D12010CEB}.Release|Any CPU.ActiveCfg = Release|Any CPU
		{41621983-AFB7-4469-92B7-350D12010CEB}.Release|Any CPU.Build.0 = Release|Any CPU
		{F6B68081-3906-464D-B716-D7F419759A45}.Debug|Any CPU.ActiveCfg = Debug|Any CPU
		{F6B68081-3906-464D-B716-D7F419759A45}.Debug|Any CPU.Build.0 = Debug|Any CPU
		{F6B68081-3906-464D-B716-D7F419759A45}.Release|Any CPU.ActiveCfg = Release|Any CPU
		{F6B68081-3906-464D-B716-D7F419759A45}.Release|Any CPU.Build.0 = Release|Any CPU
		{7468A9A6-B703-421E-986B-681CDB08FDA5}.Debug|Any CPU.ActiveCfg = Debug|Any CPU
		{7468A9A6-B703-421E-986B-681CDB08FDA5}.Debug|Any CPU.Build.0 = Debug|Any CPU
		{7468A9A6-B703-421E-986B-681CDB08FDA5}.Release|Any CPU.ActiveCfg = Release|Any CPU
		{7468A9A6-B703-421E-986B-681CDB08FDA5}.Release|Any CPU.Build.0 = Release|Any CPU
		{9C555B30-2A45-4E52-8901-B6B19F4D8216}.Debug|Any CPU.ActiveCfg = Debug|Any CPU
		{9C555B30-2A45-4E52-8901-B6B19F4D8216}.Debug|Any CPU.Build.0 = Debug|Any CPU
		{9C555B30-2A45-4E52-8901-B6B19F4D8216}.Release|Any CPU.ActiveCfg = Release|Any CPU
		{9C555B30-2A45-4E52-8901-B6B19F4D8216}.Release|Any CPU.Build.0 = Release|Any CPU
		{F1C1FC62-7939-4823-BFBD-A88E15D67F0B}.Debug|Any CPU.ActiveCfg = Debug|Any CPU
		{F1C1FC62-7939-4823-BFBD-A88E15D67F0B}.Debug|Any CPU.Build.0 = Debug|Any CPU
		{F1C1FC62-7939-4823-BFBD-A88E15D67F0B}.Release|Any CPU.ActiveCfg = Release|Any CPU
		{F1C1FC62-7939-4823-BFBD-A88E15D67F0B}.Release|Any CPU.Build.0 = Release|Any CPU
		{09A699A9-A77B-4343-8DC5-AA1A65BFCC5C}.Debug|Any CPU.ActiveCfg = Debug|Any CPU
		{09A699A9-A77B-4343-8DC5-AA1A65BFCC5C}.Debug|Any CPU.Build.0 = Debug|Any CPU
		{09A699A9-A77B-4343-8DC5-AA1A65BFCC5C}.Release|Any CPU.ActiveCfg = Release|Any CPU
		{09A699A9-A77B-4343-8DC5-AA1A65BFCC5C}.Release|Any CPU.Build.0 = Release|Any CPU
		{BF80C82D-E7F1-4D29-9CA9-864D9E6DE453}.Debug|Any CPU.ActiveCfg = Debug|Any CPU
		{BF80C82D-E7F1-4D29-9CA9-864D9E6DE453}.Debug|Any CPU.Build.0 = Debug|Any CPU
		{BF80C82D-E7F1-4D29-9CA9-864D9E6DE453}.Release|Any CPU.ActiveCfg = Release|Any CPU
		{BF80C82D-E7F1-4D29-9CA9-864D9E6DE453}.Release|Any CPU.Build.0 = Release|Any CPU
		{6DA24645-5AE1-49CF-8BB7-DE45F254E72A}.Debug|Any CPU.ActiveCfg = Debug|Any CPU
		{6DA24645-5AE1-49CF-8BB7-DE45F254E72A}.Debug|Any CPU.Build.0 = Debug|Any CPU
		{6DA24645-5AE1-49CF-8BB7-DE45F254E72A}.Release|Any CPU.ActiveCfg = Release|Any CPU
		{6DA24645-5AE1-49CF-8BB7-DE45F254E72A}.Release|Any CPU.Build.0 = Release|Any CPU
		{62CAD28B-0098-4906-B346-D47455426665}.Debug|Any CPU.ActiveCfg = Debug|Any CPU
		{62CAD28B-0098-4906-B346-D47455426665}.Debug|Any CPU.Build.0 = Debug|Any CPU
		{62CAD28B-0098-4906-B346-D47455426665}.Release|Any CPU.ActiveCfg = Release|Any CPU
		{62CAD28B-0098-4906-B346-D47455426665}.Release|Any CPU.Build.0 = Release|Any CPU
		{BA6C17A2-1F8D-432A-97FE-CBDF133A66D6}.Debug|Any CPU.ActiveCfg = Debug|Any CPU
		{BA6C17A2-1F8D-432A-97FE-CBDF133A66D6}.Debug|Any CPU.Build.0 = Debug|Any CPU
		{BA6C17A2-1F8D-432A-97FE-CBDF133A66D6}.Release|Any CPU.ActiveCfg = Release|Any CPU
		{BA6C17A2-1F8D-432A-97FE-CBDF133A66D6}.Release|Any CPU.Build.0 = Release|Any CPU
		{DECD1F69-C253-4CBF-BDB4-179543F6D82D}.Debug|Any CPU.ActiveCfg = Debug|Any CPU
		{DECD1F69-C253-4CBF-BDB4-179543F6D82D}.Debug|Any CPU.Build.0 = Debug|Any CPU
		{DECD1F69-C253-4CBF-BDB4-179543F6D82D}.Release|Any CPU.ActiveCfg = Release|Any CPU
		{DECD1F69-C253-4CBF-BDB4-179543F6D82D}.Release|Any CPU.Build.0 = Release|Any CPU
		{A56E338F-363B-43C2-8E7F-5F061868D6AC}.Debug|Any CPU.ActiveCfg = Debug|Any CPU
		{A56E338F-363B-43C2-8E7F-5F061868D6AC}.Debug|Any CPU.Build.0 = Debug|Any CPU
		{A56E338F-363B-43C2-8E7F-5F061868D6AC}.Release|Any CPU.ActiveCfg = Release|Any CPU
		{A56E338F-363B-43C2-8E7F-5F061868D6AC}.Release|Any CPU.Build.0 = Release|Any CPU
		{7EE04D16-5C1A-4420-B35A-49B52C4F0BE3}.Debug|Any CPU.ActiveCfg = Debug|Any CPU
		{7EE04D16-5C1A-4420-B35A-49B52C4F0BE3}.Debug|Any CPU.Build.0 = Debug|Any CPU
		{7EE04D16-5C1A-4420-B35A-49B52C4F0BE3}.Release|Any CPU.ActiveCfg = Release|Any CPU
		{7EE04D16-5C1A-4420-B35A-49B52C4F0BE3}.Release|Any CPU.Build.0 = Release|Any CPU
		{A8378049-18A5-49DC-B958-DA1A6695E689}.Debug|Any CPU.ActiveCfg = Debug|Any CPU
		{A8378049-18A5-49DC-B958-DA1A6695E689}.Debug|Any CPU.Build.0 = Debug|Any CPU
		{A8378049-18A5-49DC-B958-DA1A6695E689}.Release|Any CPU.ActiveCfg = Release|Any CPU
		{A8378049-18A5-49DC-B958-DA1A6695E689}.Release|Any CPU.Build.0 = Release|Any CPU
	EndGlobalSection
	GlobalSection(SolutionProperties) = preSolution
		HideSolutionNode = FALSE
	EndGlobalSection
	GlobalSection(NestedProjects) = preSolution
		{07E52617-2ADF-46C8-9065-D84977705BC6} = {423C7EEC-00D4-49CD-AC82-7100298D199E}
		{D4864F86-4B66-42C4-8395-0965D3B29254} = {9E5B82B3-2359-4A66-B448-51DBD2F061E0}
		{37AFEFEA-43AE-4349-9F5C-1386AC46CA23} = {9E5B82B3-2359-4A66-B448-51DBD2F061E0}
		{92A020AB-6D32-4749-924E-3C9A18EC9C39} = {9E5B82B3-2359-4A66-B448-51DBD2F061E0}
		{D9F38902-824A-430B-8E68-EB336C233B25} = {9E5B82B3-2359-4A66-B448-51DBD2F061E0}
		{41621983-AFB7-4469-92B7-350D12010CEB} = {9E5B82B3-2359-4A66-B448-51DBD2F061E0}
		{9E5B82B3-2359-4A66-B448-51DBD2F061E0} = {44EA86F6-4D10-429E-9288-6073817B89D9}
		{41404A42-396A-4708-A177-3A05D12FBDC2} = {44EA86F6-4D10-429E-9288-6073817B89D9}
		{F6B68081-3906-464D-B716-D7F419759A45} = {41404A42-396A-4708-A177-3A05D12FBDC2}
		{7468A9A6-B703-421E-986B-681CDB08FDA5} = {41404A42-396A-4708-A177-3A05D12FBDC2}
		{9C555B30-2A45-4E52-8901-B6B19F4D8216} = {41404A42-396A-4708-A177-3A05D12FBDC2}
		{F1C1FC62-7939-4823-BFBD-A88E15D67F0B} = {41404A42-396A-4708-A177-3A05D12FBDC2}
		{09A699A9-A77B-4343-8DC5-AA1A65BFCC5C} = {41404A42-396A-4708-A177-3A05D12FBDC2}
		{4A7CC1D8-194B-41EC-904C-FE1A53708A0D} = {44EA86F6-4D10-429E-9288-6073817B89D9}
		{BF80C82D-E7F1-4D29-9CA9-864D9E6DE453} = {4A7CC1D8-194B-41EC-904C-FE1A53708A0D}
		{6DA24645-5AE1-49CF-8BB7-DE45F254E72A} = {4A7CC1D8-194B-41EC-904C-FE1A53708A0D}
		{62CAD28B-0098-4906-B346-D47455426665} = {4A7CC1D8-194B-41EC-904C-FE1A53708A0D}
		{BA6C17A2-1F8D-432A-97FE-CBDF133A66D6} = {4A7CC1D8-194B-41EC-904C-FE1A53708A0D}
		{DECD1F69-C253-4CBF-BDB4-179543F6D82D} = {4A7CC1D8-194B-41EC-904C-FE1A53708A0D}
		{22E6AC2F-5FB5-481C-B910-A510A5A1EE94} = {44EA86F6-4D10-429E-9288-6073817B89D9}
		{A56E338F-363B-43C2-8E7F-5F061868D6AC} = {22E6AC2F-5FB5-481C-B910-A510A5A1EE94}
		{7EE04D16-5C1A-4420-B35A-49B52C4F0BE3} = {22E6AC2F-5FB5-481C-B910-A510A5A1EE94}
	EndGlobalSection
	GlobalSection(ExtensibilityGlobals) = postSolution
		SolutionGuid = {BDF9679E-5CC3-40C5-BDF7-AB6E41A1DEA9}
	EndGlobalSection
EndGlobal
